
Microsoft Visual Studio Solution File, Format Version 12.00
# Visual Studio Version 17
VisualStudioVersion = 17.1.32210.238
MinimumVisualStudioVersion = 10.0.40219.1
Project("{8BC9CEB8-8B4A-11D0-8D11-00A0C91BC942}") = "Lab2", "Lab2.vcxproj", "{01DA61A2-9FE3-4758-86F1-1F508D0AAE5A}"
EndProject
Global
	GlobalSection(SolutionConfigurationPlatforms) = preSolution
		Debug|x64 = Debug|x64
		Debug|x86 = Debug|x86
		Release|x64 = Release|x64
		Release|x86 = Release|x86
	EndGlobalSection
	GlobalSection(ProjectConfigurationPlatforms) = postSolution
		{01DA61A2-9FE3-4758-86F1-1F508D0AAE5A}.Debug|x64.ActiveCfg = Debug|x64
		{01DA61A2-9FE3-4758-86F1-1F508D0AAE5A}.Debug|x64.Build.0 = Debug|x64
		{01DA61A2-9FE3-4758-86F1-1F508D0AAE5A}.Debug|x86.ActiveCfg = Debug|Win32
		{01DA61A2-9FE3-4758-86F1-1F508D0AAE5A}.Debug|x86.Build.0 = Debug|Win32
		{01DA61A2-9FE3-4758-86F1-1F508D0AAE5A}.Release|x64.ActiveCfg = Release|x64
		{01DA61A2-9FE3-4758-86F1-1F508D0AAE5A}.Release|x64.Build.0 = Release|x64
		{01DA61A2-9FE3-4758-86F1-1F508D0AAE5A}.Release|x86.ActiveCfg = Release|Win32
		{01DA61A2-9FE3-4758-86F1-1F508D0AAE5A}.Release|x86.Build.0 = Release|Win32
	EndGlobalSection
	GlobalSection(SolutionProperties) = preSolution
		HideSolutionNode = FALSE
	EndGlobalSection
	GlobalSection(ExtensibilityGlobals) = postSolution
		SolutionGuid = {97DA2DB1-F7BF-4812-A3BA-0FB528DBE7F6}
	EndGlobalSection
EndGlobal
